// !$*UTF8*$!
{
	archiveVersion = 1;
	classes = {
	};
	objectVersion = 46;
	objects = {

/* Begin PBXBuildFile section */
		E5431DFE15AB12A6007A8591 /* UIKit.framework in Frameworks */ = {isa = PBXBuildFile; fileRef = E5431DFD15AB12A6007A8591 /* UIKit.framework */; };
		E5431E0015AB12A6007A8591 /* Foundation.framework in Frameworks */ = {isa = PBXBuildFile; fileRef = E5431DFF15AB12A6007A8591 /* Foundation.framework */; };
		E5431E0215AB12A6007A8591 /* CoreGraphics.framework in Frameworks */ = {isa = PBXBuildFile; fileRef = E5431E0115AB12A6007A8591 /* CoreGraphics.framework */; };
		E5431E0815AB12A6007A8591 /* InfoPlist.strings in Resources */ = {isa = PBXBuildFile; fileRef = E5431E0615AB12A6007A8591 /* InfoPlist.strings */; };
		E5431E0A15AB12A6007A8591 /* main.m in Sources */ = {isa = PBXBuildFile; fileRef = E5431E0915AB12A6007A8591 /* main.m */; };
		E5431E0E15AB12A6007A8591 /* AppDelegate.m in Sources */ = {isa = PBXBuildFile; fileRef = E5431E0D15AB12A6007A8591 /* AppDelegate.m */; };
		E5431E1115AB12A6007A8591 /* MasterViewController.m in Sources */ = {isa = PBXBuildFile; fileRef = E5431E1015AB12A6007A8591 /* MasterViewController.m */; };
		E5431E1415AB12A6007A8591 /* DetailViewController.m in Sources */ = {isa = PBXBuildFile; fileRef = E5431E1315AB12A6007A8591 /* DetailViewController.m */; };
		E5431E1715AB12A6007A8591 /* MasterViewController.xib in Resources */ = {isa = PBXBuildFile; fileRef = E5431E1515AB12A6007A8591 /* MasterViewController.xib */; };
		E5431E1A15AB12A6007A8591 /* DetailViewController.xib in Resources */ = {isa = PBXBuildFile; fileRef = E5431E1815AB12A6007A8591 /* DetailViewController.xib */; };
/* End PBXBuildFile section */

/* Begin PBXFileReference section */
		E5431DF915AB12A6007A8591 /* test.app */ = {isa = PBXFileReference; explicitFileType = wrapper.application; includeInIndex = 0; path = test.app; sourceTree = BUILT_PRODUCTS_DIR; };
		E5431DFD15AB12A6007A8591 /* UIKit.framework */ = {isa = PBXFileReference; lastKnownFileType = wrapper.framework; name = UIKit.framework; path = System/Library/Frameworks/UIKit.framework; sourceTree = SDKROOT; };
		E5431DFF15AB12A6007A8591 /* Foundation.framework */ = {isa = PBXFileReference; lastKnownFileType = wrapper.framework; name = Foundation.framework; path = System/Library/Frameworks/Foundation.framework; sourceTree = SDKROOT; };
		E5431E0115AB12A6007A8591 /* CoreGraphics.framework */ = {isa = PBXFileReference; lastKnownFileType = wrapper.framework; name = CoreGraphics.framework; path = System/Library/Frameworks/CoreGraphics.framework; sourceTree = SDKROOT; };
		E5431E0515AB12A6007A8591 /* test-Info.plist */ = {isa = PBXFileReference; lastKnownFileType = text.plist.xml; path = "test-Info.plist"; sourceTree = "<group>"; };
		E5431E0715AB12A6007A8591 /* en */ = {isa = PBXFileReference; lastKnownFileType = text.plist.strings; name = en; path = en.lproj/InfoPlist.strings; sourceTree = "<group>"; };
		E5431E0915AB12A6007A8591 /* main.m */ = {isa = PBXFileReference; lastKnownFileType = sourcecode.c.objc; path = main.m; sourceTree = "<group>"; };
		E5431E0B15AB12A6007A8591 /* test-Prefix.pch */ = {isa = PBXFileReference; lastKnownFileType = sourcecode.c.h; path = "test-Prefix.pch"; sourceTree = "<group>"; };
		E5431E0C15AB12A6007A8591 /* AppDelegate.h */ = {isa = PBXFileReference; lastKnownFileType = sourcecode.c.h; path = AppDelegate.h; sourceTree = "<group>"; };
		E5431E0D15AB12A6007A8591 /* AppDelegate.m */ = {isa = PBXFileReference; lastKnownFileType = sourcecode.c.objc; path = AppDelegate.m; sourceTree = "<group>"; };
		E5431E0F15AB12A6007A8591 /* MasterViewController.h */ = {isa = PBXFileReference; lastKnownFileType = sourcecode.c.h; path = MasterViewController.h; sourceTree = "<group>"; };
		E5431E1015AB12A6007A8591 /* MasterViewController.m */ = {isa = PBXFileReference; lastKnownFileType = sourcecode.c.objc; path = MasterViewController.m; sourceTree = "<group>"; };
		E5431E1215AB12A6007A8591 /* DetailViewController.h */ = {isa = PBXFileReference; lastKnownFileType = sourcecode.c.h; path = DetailViewController.h; sourceTree = "<group>"; };
		E5431E1315AB12A6007A8591 /* DetailViewController.m */ = {isa = PBXFileReference; lastKnownFileType = sourcecode.c.objc; path = DetailViewController.m; sourceTree = "<group>"; };
		E5431E1615AB12A6007A8591 /* en */ = {isa = PBXFileReference; lastKnownFileType = file.xib; name = en; path = en.lproj/MasterViewController.xib; sourceTree = "<group>"; };
		E5431E1915AB12A6007A8591 /* en */ = {isa = PBXFileReference; lastKnownFileType = file.xib; name = en; path = en.lproj/DetailViewController.xib; sourceTree = "<group>"; };
/* End PBXFileReference section */

/* Begin PBXFrameworksBuildPhase section */
		E5431DF615AB12A6007A8591 /* Frameworks */ = {
			isa = PBXFrameworksBuildPhase;
			buildActionMask = 2147483647;
			files = (
				E5431DFE15AB12A6007A8591 /* UIKit.framework in Frameworks */,
				E5431E0015AB12A6007A8591 /* Foundation.framework in Frameworks */,
				E5431E0215AB12A6007A8591 /* CoreGraphics.framework in Frameworks */,
			);
			runOnlyForDeploymentPostprocessing = 0;
		};
/* End PBXFrameworksBuildPhase section */

/* Begin PBXGroup section */
		E5431DEE15AB12A6007A8591 = {
			isa = PBXGroup;
			children = (
				E5431E0315AB12A6007A8591 /* test */,
				E5431DFC15AB12A6007A8591 /* Frameworks */,
				E5431DFA15AB12A6007A8591 /* Products */,
			);
			sourceTree = "<group>";
		};
		E5431DFA15AB12A6007A8591 /* Products */ = {
			isa = PBXGroup;
			children = (
				E5431DF915AB12A6007A8591 /* test.app */,
			);
			name = Products;
			sourceTree = "<group>";
		};
		E5431DFC15AB12A6007A8591 /* Frameworks */ = {
			isa = PBXGroup;
			children = (
				E5431DFD15AB12A6007A8591 /* UIKit.framework */,
				E5431DFF15AB12A6007A8591 /* Foundation.framework */,
				E5431E0115AB12A6007A8591 /* CoreGraphics.framework */,
			);
			name = Frameworks;
			sourceTree = "<group>";
		};
		E5431E0315AB12A6007A8591 /* test */ = {
			isa = PBXGroup;
			children = (
				E5431E0C15AB12A6007A8591 /* AppDelegate.h */,
				E5431E0D15AB12A6007A8591 /* AppDelegate.m */,
				E5431E0F15AB12A6007A8591 /* MasterViewController.h */,
				E5431E1015AB12A6007A8591 /* MasterViewController.m */,
				E5431E1215AB12A6007A8591 /* DetailViewController.h */,
				E5431E1315AB12A6007A8591 /* DetailViewController.m */,
				E5431E1515AB12A6007A8591 /* MasterViewController.xib */,
				E5431E1815AB12A6007A8591 /* DetailViewController.xib */,
				E5431E0415AB12A6007A8591 /* Supporting Files */,
			);
			path = test;
			sourceTree = "<group>";
		};
		E5431E0415AB12A6007A8591 /* Supporting Files */ = {
			isa = PBXGroup;
			children = (
				E5431E0515AB12A6007A8591 /* test-Info.plist */,
				E5431E0615AB12A6007A8591 /* InfoPlist.strings */,
				E5431E0915AB12A6007A8591 /* main.m */,
				E5431E0B15AB12A6007A8591 /* test-Prefix.pch */,
			);
			name = "Supporting Files";
			sourceTree = "<group>";
		};
/* End PBXGroup section */

/* Begin PBXNativeTarget section */
		E5431DF815AB12A6007A8591 /* test */ = {
			isa = PBXNativeTarget;
			buildConfigurationList = E5431E1D15AB12A6007A8591 /* Build configuration list for PBXNativeTarget "test" */;
			buildPhases = (
				E5431DF515AB12A6007A8591 /* Sources */,
				E5431DF615AB12A6007A8591 /* Frameworks */,
				E5431DF715AB12A6007A8591 /* Resources */,
			);
			buildRules = (
			);
			dependencies = (
			);
			name = test;
			productName = test;
			productReference = E5431DF915AB12A6007A8591 /* test.app */;
			productType = "com.apple.product-type.application";
		};
/* End PBXNativeTarget section */

/* Begin PBXProject section */
		E5431DF015AB12A6007A8591 /* Project object */ = {
			isa = PBXProject;
			attributes = {
				LastUpgradeCheck = 0430;
			};
			buildConfigurationList = E5431DF315AB12A6007A8591 /* Build configuration list for PBXProject "test" */;
			compatibilityVersion = "Xcode 3.2";
			developmentRegion = English;
			hasScannedForEncodings = 0;
			knownRegions = (
				en,
			);
			mainGroup = E5431DEE15AB12A6007A8591;
			productRefGroup = E5431DFA15AB12A6007A8591 /* Products */;
			projectDirPath = "";
			projectRoot = "";
			targets = (
				E5431DF815AB12A6007A8591 /* test */,
			);
		};
/* End PBXProject section */

/* Begin PBXResourcesBuildPhase section */
		E5431DF715AB12A6007A8591 /* Resources */ = {
			isa = PBXResourcesBuildPhase;
			buildActionMask = 2147483647;
			files = (
				E5431E0815AB12A6007A8591 /* InfoPlist.strings in Resources */,
				E5431E1715AB12A6007A8591 /* MasterViewController.xib in Resources */,
				E5431E1A15AB12A6007A8591 /* DetailViewController.xib in Resources */,
			);
			runOnlyForDeploymentPostprocessing = 0;
		};
/* End PBXResourcesBuildPhase section */

/* Begin PBXSourcesBuildPhase section */
		E5431DF515AB12A6007A8591 /* Sources */ = {
			isa = PBXSourcesBuildPhase;
			buildActionMask = 2147483647;
			files = (
				E5431E0A15AB12A6007A8591 /* main.m in Sources */,
				E5431E0E15AB12A6007A8591 /* AppDelegate.m in Sources */,
				E5431E1115AB12A6007A8591 /* MasterViewController.m in Sources */,
				E5431E1415AB12A6007A8591 /* DetailViewController.m in Sources */,
			);
			runOnlyForDeploymentPostprocessing = 0;
		};
/* End PBXSourcesBuildPhase section */

/* Begin PBXVariantGroup section */
		E5431E0615AB12A6007A8591 /* InfoPlist.strings */ = {
			isa = PBXVariantGroup;
			children = (
				E5431E0715AB12A6007A8591 /* en */,
			);
			name = InfoPlist.strings;
			sourceTree = "<group>";
		};
		E5431E1515AB12A6007A8591 /* MasterViewController.xib */ = {
			isa = PBXVariantGroup;
			children = (
				E5431E1615AB12A6007A8591 /* en */,
			);
			name = MasterViewController.xib;
			sourceTree = "<group>";
		};
		E5431E1815AB12A6007A8591 /* DetailViewController.xib */ = {
			isa = PBXVariantGroup;
			children = (
				E5431E1915AB12A6007A8591 /* en */,
			);
			name = DetailViewController.xib;
			sourceTree = "<group>";
		};
/* End PBXVariantGroup section */

/* Begin XCBuildConfiguration section */
		E5431E1B15AB12A6007A8591 /* Debug */ = {
			isa = XCBuildConfiguration;
			buildSettings = {
				ALWAYS_SEARCH_USER_PATHS = NO;
				ARCHS = "$(ARCHS_STANDARD_32_BIT)";
				"CODE_SIGN_IDENTITY[sdk=iphoneos*]" = "iPhone Developer";
				COPY_PHASE_STRIP = NO;
				GCC_C_LANGUAGE_STANDARD = gnu99;
				GCC_DYNAMIC_NO_PIC = NO;
				GCC_OPTIMIZATION_LEVEL = 0;
				GCC_PREPROCESSOR_DEFINITIONS = (
					"DEBUG=1",
					"$(inherited)",
				);
				GCC_SYMBOLS_PRIVATE_EXTERN = NO;
				GCC_VERSION = com.apple.compilers.llvm.clang.1_0;
				GCC_WARN_ABOUT_RETURN_TYPE = YES;
				GCC_WARN_UNINITIALIZED_AUTOS = YES;
				GCC_WARN_UNUSED_VARIABLE = YES;
				IPHONEOS_DEPLOYMENT_TARGET = 5.1;
				SDKROOT = iphoneos;
			};
			name = Debug;
		};
		E5431E1C15AB12A6007A8591 /* Release */ = {
			isa = XCBuildConfiguration;
			buildSettings = {
				ALWAYS_SEARCH_USER_PATHS = NO;
				ARCHS = "$(ARCHS_STANDARD_32_BIT)";
				"CODE_SIGN_IDENTITY[sdk=iphoneos*]" = "iPhone Developer";
				COPY_PHASE_STRIP = YES;
				GCC_C_LANGUAGE_STANDARD = gnu99;
				GCC_VERSION = com.apple.compilers.llvm.clang.1_0;
				GCC_WARN_ABOUT_RETURN_TYPE = YES;
				GCC_WARN_UNINITIALIZED_AUTOS = YES;
				GCC_WARN_UNUSED_VARIABLE = YES;
				IPHONEOS_DEPLOYMENT_TARGET = 5.1;
				OTHER_CFLAGS = "-DNS_BLOCK_ASSERTIONS=1";
				SDKROOT = iphoneos;
				VALIDATE_PRODUCT = YES;
			};
			name = Release;
		};
		E5431E1E15AB12A6007A8591 /* Debug */ = {
			isa = XCBuildConfiguration;
			buildSettings = {
				GCC_PRECOMPILE_PREFIX_HEADER = YES;
				GCC_PREFIX_HEADER = "test/test-Prefix.pch";
				INFOPLIST_FILE = "test/test-Info.plist";
				PRODUCT_NAME = "$(TARGET_NAME)";
				WRAPPER_EXTENSION = app;
			};
			name = Debug;
		};
		E5431E1F15AB12A6007A8591 /* Release */ = {
			isa = XCBuildConfiguration;
			buildSettings = {
				GCC_PRECOMPILE_PREFIX_HEADER = YES;
				GCC_PREFIX_HEADER = "test/test-Prefix.pch";
				INFOPLIST_FILE = "test/test-Info.plist";
				PRODUCT_NAME = "$(TARGET_NAME)";
				WRAPPER_EXTENSION = app;
			};
			name = Release;
		};
/* End XCBuildConfiguration section */

/* Begin XCConfigurationList section */
		E5431DF315AB12A6007A8591 /* Build configuration list for PBXProject "test" */ = {
			isa = XCConfigurationList;
			buildConfigurations = (
				E5431E1B15AB12A6007A8591 /* Debug */,
				E5431E1C15AB12A6007A8591 /* Release */,
			);
			defaultConfigurationIsVisible = 0;
			defaultConfigurationName = Release;
		};
		E5431E1D15AB12A6007A8591 /* Build configuration list for PBXNativeTarget "test" */ = {
			isa = XCConfigurationList;
			buildConfigurations = (
				E5431E1E15AB12A6007A8591 /* Debug */,
				E5431E1F15AB12A6007A8591 /* Release */,
			);
			defaultConfigurationIsVisible = 0;
		};
/* End XCConfigurationList section */
	};
	rootObject = E5431DF015AB12A6007A8591 /* Project object */;
}
